
Microsoft Visual Studio Solution File, Format Version 12.00
# Visual Studio Version 17
VisualStudioVersion = 17.7.34221.43
MinimumVisualStudioVersion = 10.0.40219.1
Project("{FAE04EC0-301F-11D3-BF4B-00C04F79EFBC}") = "PatternsColors", "PatternsColors\PatternsColors.csproj", "{4161A773-253F-4824-B84B-E788BCD4FB55}"
EndProject
Global
	GlobalSection(SolutionConfigurationPlatforms) = preSolution
		Debug|Any CPU = Debug|Any CPU
		Release|Any CPU = Release|Any CPU
	EndGlobalSection
	GlobalSection(ProjectConfigurationPlatforms) = postSolution
		{4161A773-253F-4824-B84B-E788BCD4FB55}.Debug|Any CPU.ActiveCfg = Debug|Any CPU
		{4161A773-253F-4824-B84B-E788BCD4FB55}.Debug|Any CPU.Build.0 = Debug|Any CPU
		{4161A773-253F-4824-B84B-E788BCD4FB55}.Release|Any CPU.ActiveCfg = Release|Any CPU
		{4161A773-253F-4824-B84B-E788BCD4FB55}.Release|Any CPU.Build.0 = Release|Any CPU
	EndGlobalSection
	GlobalSection(SolutionProperties) = preSolution
		HideSolutionNode = FALSE
	EndGlobalSection
	GlobalSection(ExtensibilityGlobals) = postSolution
		SolutionGuid = {9E3DA2BF-79B1-4203-ACEE-0412DF91C6C3}
	EndGlobalSection
EndGlobal
